
Microsoft Visual Studio Solution File, Format Version 12.00
# Visual Studio 15
VisualStudioVersion = 15.0.27428.2037
MinimumVisualStudioVersion = 10.0.40219.1
Project("{FAE04EC0-301F-11D3-BF4B-00C04F79EFBC}") = "Chen_Peilin_Csharp2_B1", "Chen_Peilin_Csharp2_B1\Chen_Peilin_Csharp2_B1.csproj", "{489ECC60-FC5E-4188-901E-A9366429AFE2}"
EndProject
Global
	GlobalSection(SolutionConfigurationPlatforms) = preSolution
		Debug|Any CPU = Debug|Any CPU
		Release|Any CPU = Release|Any CPU
	EndGlobalSection
	GlobalSection(ProjectConfigurationPlatforms) = postSolution
		{489ECC60-FC5E-4188-901E-A9366429AFE2}.Debug|Any CPU.ActiveCfg = Debug|Any CPU
		{489ECC60-FC5E-4188-901E-A9366429AFE2}.Debug|Any CPU.Build.0 = Debug|Any CPU
		{489ECC60-FC5E-4188-901E-A9366429AFE2}.Release|Any CPU.ActiveCfg = Release|Any CPU
		{489ECC60-FC5E-4188-901E-A9366429AFE2}.Release|Any CPU.Build.0 = Release|Any CPU
	EndGlobalSection
	GlobalSection(SolutionProperties) = preSolution
		HideSolutionNode = FALSE
	EndGlobalSection
	GlobalSection(ExtensibilityGlobals) = postSolution
		SolutionGuid = {362D72B6-5164-4E40-ACF8-3B1D658DFBAB}
	EndGlobalSection
EndGlobal
